{
  "nodes": {
    "nixpkgs": {
      "locked": {
        "lastModified": 1696748673,
        "narHash": "sha256-UbPHrH4dKN/66EpfFpoG4St4XZYDX9YcMVRQGWzAUNA=",
        "owner": "nixos",
        "repo": "nixpkgs",
        "rev": "9957cd48326fe8dbd52fdc50dd2502307f188b0d",
        "type": "github"
      },
      "original": {
        "owner": "nixos",
        "repo": "nixpkgs",
        "rev": "9957cd48326fe8dbd52fdc50dd2502307f188b0d",
        "type": "github"
      }
    },
    "root": {
      "inputs": {
        "nixpkgs": "nixpkgs"
      }
    }
  },
  "root": "root",
  "version": 7
}
